
Microsoft Visual Studio Solution File, Format Version 12.00
# Visual Studio Version 16
VisualStudioVersion = 16.0.31229.75
MinimumVisualStudioVersion = 10.0.40219.1
Project("{8BC9CEB8-8B4A-11D0-8D11-00A0C91BC942}") = "학생관리문제", "학생관리문제\학생관리문제.vcxproj", "{8720E3AD-7618-43D1-BE00-684743C695A8}"
EndProject
Global
	GlobalSection(SolutionConfigurationPlatforms) = preSolution
		Debug|x64 = Debug|x64
		Debug|x86 = Debug|x86
		Release|x64 = Release|x64
		Release|x86 = Release|x86
	EndGlobalSection
	GlobalSection(ProjectConfigurationPlatforms) = postSolution
		{8720E3AD-7618-43D1-BE00-684743C695A8}.Debug|x64.ActiveCfg = Debug|x64
		{8720E3AD-7618-43D1-BE00-684743C695A8}.Debug|x64.Build.0 = Debug|x64
		{8720E3AD-7618-43D1-BE00-684743C695A8}.Debug|x86.ActiveCfg = Debug|Win32
		{8720E3AD-7618-43D1-BE00-684743C695A8}.Debug|x86.Build.0 = Debug|Win32
		{8720E3AD-7618-43D1-BE00-684743C695A8}.Release|x64.ActiveCfg = Release|x64
		{8720E3AD-7618-43D1-BE00-684743C695A8}.Release|x64.Build.0 = Release|x64
		{8720E3AD-7618-43D1-BE00-684743C695A8}.Release|x86.ActiveCfg = Release|Win32
		{8720E3AD-7618-43D1-BE00-684743C695A8}.Release|x86.Build.0 = Release|Win32
	EndGlobalSection
	GlobalSection(SolutionProperties) = preSolution
		HideSolutionNode = FALSE
	EndGlobalSection
	GlobalSection(ExtensibilityGlobals) = postSolution
		SolutionGuid = {4C8A1466-9686-44E5-BE29-28D0A41F296F}
	EndGlobalSection
EndGlobal
